
Microsoft Visual Studio Solution File, Format Version 12.00
# Visual Studio 15
VisualStudioVersion = 15.0.26124.0
MinimumVisualStudioVersion = 15.0.26124.0
Project("{FAE04EC0-301F-11D3-BF4B-00C04F79EFBC}") = "Client", "Client\Client.csproj", "{EBE20C0E-1DF2-4F2C-9B93-B261B0998171}"
EndProject
Project("{FAE04EC0-301F-11D3-BF4B-00C04F79EFBC}") = "Tests", "Tests\Tests.csproj", "{E08FB011-1ED3-4A69-A526-822F154499A6}"
EndProject
Global
	GlobalSection(SolutionConfigurationPlatforms) = preSolution
		Debug|Any CPU = Debug|Any CPU
		Debug|x64 = Debug|x64
		Debug|x86 = Debug|x86
		Release|Any CPU = Release|Any CPU
		Release|x64 = Release|x64
		Release|x86 = Release|x86
	EndGlobalSection
	GlobalSection(SolutionProperties) = preSolution
		HideSolutionNode = FALSE
	EndGlobalSection
	GlobalSection(ProjectConfigurationPlatforms) = postSolution
		{EBE20C0E-1DF2-4F2C-9B93-B261B0998171}.Debug|Any CPU.ActiveCfg = Debug|Any CPU
		{EBE20C0E-1DF2-4F2C-9B93-B261B0998171}.Debug|Any CPU.Build.0 = Debug|Any CPU
		{EBE20C0E-1DF2-4F2C-9B93-B261B0998171}.Debug|x64.ActiveCfg = Debug|Any CPU
		{EBE20C0E-1DF2-4F2C-9B93-B261B0998171}.Debug|x64.Build.0 = Debug|Any CPU
		{EBE20C0E-1DF2-4F2C-9B93-B261B0998171}.Debug|x86.ActiveCfg = Debug|Any CPU
		{EBE20C0E-1DF2-4F2C-9B93-B261B0998171}.Debug|x86.Build.0 = Debug|Any CPU
		{EBE20C0E-1DF2-4F2C-9B93-B261B0998171}.Release|Any CPU.ActiveCfg = Release|Any CPU
		{EBE20C0E-1DF2-4F2C-9B93-B261B0998171}.Release|Any CPU.Build.0 = Release|Any CPU
		{EBE20C0E-1DF2-4F2C-9B93-B261B0998171}.Release|x64.ActiveCfg = Release|Any CPU
		{EBE20C0E-1DF2-4F2C-9B93-B261B0998171}.Release|x64.Build.0 = Release|Any CPU
		{EBE20C0E-1DF2-4F2C-9B93-B261B0998171}.Release|x86.ActiveCfg = Release|Any CPU
		{EBE20C0E-1DF2-4F2C-9B93-B261B0998171}.Release|x86.Build.0 = Release|Any CPU
		{E08FB011-1ED3-4A69-A526-822F154499A6}.Debug|Any CPU.ActiveCfg = Debug|Any CPU
		{E08FB011-1ED3-4A69-A526-822F154499A6}.Debug|Any CPU.Build.0 = Debug|Any CPU
		{E08FB011-1ED3-4A69-A526-822F154499A6}.Debug|x64.ActiveCfg = Debug|Any CPU
		{E08FB011-1ED3-4A69-A526-822F154499A6}.Debug|x64.Build.0 = Debug|Any CPU
		{E08FB011-1ED3-4A69-A526-822F154499A6}.Debug|x86.ActiveCfg = Debug|Any CPU
		{E08FB011-1ED3-4A69-A526-822F154499A6}.Debug|x86.Build.0 = Debug|Any CPU
		{E08FB011-1ED3-4A69-A526-822F154499A6}.Release|Any CPU.ActiveCfg = Release|Any CPU
		{E08FB011-1ED3-4A69-A526-822F154499A6}.Release|Any CPU.Build.0 = Release|Any CPU
		{E08FB011-1ED3-4A69-A526-822F154499A6}.Release|x64.ActiveCfg = Release|Any CPU
		{E08FB011-1ED3-4A69-A526-822F154499A6}.Release|x64.Build.0 = Release|Any CPU
		{E08FB011-1ED3-4A69-A526-822F154499A6}.Release|x86.ActiveCfg = Release|Any CPU
		{E08FB011-1ED3-4A69-A526-822F154499A6}.Release|x86.Build.0 = Release|Any CPU
	EndGlobalSection
EndGlobal
